
Microsoft Visual Studio Solution File, Format Version 12.00
# Visual Studio 15
VisualStudioVersion = 15.0.27703.2000
MinimumVisualStudioVersion = 10.0.40219.1
Project("{2150E333-8FDC-42A3-9474-1A3956D46DE8}") = "0-Presentation", "0-Presentation", "{223164E3-9587-47FE-B23E-DC4F1FC21A32}"
EndProject
Project("{2150E333-8FDC-42A3-9474-1A3956D46DE8}") = "1-Services", "1-Services", "{46206D6C-AC38-4320-9CE1-0ADF375342D7}"
EndProject
Project("{2150E333-8FDC-42A3-9474-1A3956D46DE8}") = "2-Application", "2-Application", "{D8E83176-0CC9-448B-B94C-3F2BF25B6324}"
EndProject
Project("{2150E333-8FDC-42A3-9474-1A3956D46DE8}") = "3-Domian", "3-Domian", "{624D2963-954B-4BBD-A86F-0A8F3488DC4C}"
EndProject
Project("{2150E333-8FDC-42A3-9474-1A3956D46DE8}") = "4-Infra", "4-Infra", "{8CB08148-72AA-4855-9273-AAA9FC7BEAAA}"
EndProject
Project("{2150E333-8FDC-42A3-9474-1A3956D46DE8}") = "4.1-Data", "4.1-Data", "{B779ECF5-1399-4044-8DBB-DFA77950F3C7}"
EndProject
Project("{2150E333-8FDC-42A3-9474-1A3956D46DE8}") = "4.2-CrossCutting", "4.2-CrossCutting", "{A1861B71-D51E-434C-9270-7D2A1BB1FB64}"
EndProject
Project("{9A19103F-16F7-4668-BE54-9A1E7A4F7556}") = "ProjetoDDD.Domain", "ProjetoDDD.Domain\ProjetoDDD.Domain.csproj", "{44E3B0BD-4707-488E-B772-8CAC8D4DECE6}"
EndProject
Project("{FAE04EC0-301F-11D3-BF4B-00C04F79EFBC}") = "ProjetDDD.Infra.Data", "ProjetDDD.Infra.Data\ProjetDDD.Infra.Data.csproj", "{1309B1BC-3032-4EDE-B319-738616AE73CE}"
EndProject
Project("{FAE04EC0-301F-11D3-BF4B-00C04F79EFBC}") = "ProjetDDD.Presentation", "ProjetDDD.Presentation\ProjetDDD.Presentation.csproj", "{985BBA91-E380-4078-91AB-07A5C4C54673}"
	ProjectSection(ProjectDependencies) = postProject
		{1309B1BC-3032-4EDE-B319-738616AE73CE} = {1309B1BC-3032-4EDE-B319-738616AE73CE}
	EndProjectSection
EndProject
Project("{FAE04EC0-301F-11D3-BF4B-00C04F79EFBC}") = "ProjtoDDD.Application", "ProjtoDDD.Application\ProjtoDDD.Application.csproj", "{BFE3678F-E09B-4F02-8D62-E9550AE6374A}"
EndProject
Global
	GlobalSection(SolutionConfigurationPlatforms) = preSolution
		Debug|Any CPU = Debug|Any CPU
		Debug|ARM = Debug|ARM
		Debug|x64 = Debug|x64
		Debug|x86 = Debug|x86
		Release|Any CPU = Release|Any CPU
		Release|ARM = Release|ARM
		Release|x64 = Release|x64
		Release|x86 = Release|x86
	EndGlobalSection
	GlobalSection(ProjectConfigurationPlatforms) = postSolution
		{44E3B0BD-4707-488E-B772-8CAC8D4DECE6}.Debug|Any CPU.ActiveCfg = Debug|Any CPU
		{44E3B0BD-4707-488E-B772-8CAC8D4DECE6}.Debug|Any CPU.Build.0 = Debug|Any CPU
		{44E3B0BD-4707-488E-B772-8CAC8D4DECE6}.Debug|ARM.ActiveCfg = Debug|Any CPU
		{44E3B0BD-4707-488E-B772-8CAC8D4DECE6}.Debug|ARM.Build.0 = Debug|Any CPU
		{44E3B0BD-4707-488E-B772-8CAC8D4DECE6}.Debug|x64.ActiveCfg = Debug|Any CPU
		{44E3B0BD-4707-488E-B772-8CAC8D4DECE6}.Debug|x64.Build.0 = Debug|Any CPU
		{44E3B0BD-4707-488E-B772-8CAC8D4DECE6}.Debug|x86.ActiveCfg = Debug|Any CPU
		{44E3B0BD-4707-488E-B772-8CAC8D4DECE6}.Debug|x86.Build.0 = Debug|Any CPU
		{44E3B0BD-4707-488E-B772-8CAC8D4DECE6}.Release|Any CPU.ActiveCfg = Release|Any CPU
		{44E3B0BD-4707-488E-B772-8CAC8D4DECE6}.Release|Any CPU.Build.0 = Release|Any CPU
		{44E3B0BD-4707-488E-B772-8CAC8D4DECE6}.Release|ARM.ActiveCfg = Release|Any CPU
		{44E3B0BD-4707-488E-B772-8CAC8D4DECE6}.Release|ARM.Build.0 = Release|Any CPU
		{44E3B0BD-4707-488E-B772-8CAC8D4DECE6}.Release|x64.ActiveCfg = Release|Any CPU
		{44E3B0BD-4707-488E-B772-8CAC8D4DECE6}.Release|x64.Build.0 = Release|Any CPU
		{44E3B0BD-4707-488E-B772-8CAC8D4DECE6}.Release|x86.ActiveCfg = Release|Any CPU
		{44E3B0BD-4707-488E-B772-8CAC8D4DECE6}.Release|x86.Build.0 = Release|Any CPU
		{1309B1BC-3032-4EDE-B319-738616AE73CE}.Debug|Any CPU.ActiveCfg = Debug|Any CPU
		{1309B1BC-3032-4EDE-B319-738616AE73CE}.Debug|Any CPU.Build.0 = Debug|Any CPU
		{1309B1BC-3032-4EDE-B319-738616AE73CE}.Debug|ARM.ActiveCfg = Debug|Any CPU
		{1309B1BC-3032-4EDE-B319-738616AE73CE}.Debug|ARM.Build.0 = Debug|Any CPU
		{1309B1BC-3032-4EDE-B319-738616AE73CE}.Debug|x64.ActiveCfg = Debug|Any CPU
		{1309B1BC-3032-4EDE-B319-738616AE73CE}.Debug|x64.Build.0 = Debug|Any CPU
		{1309B1BC-3032-4EDE-B319-738616AE73CE}.Debug|x86.ActiveCfg = Debug|Any CPU
		{1309B1BC-3032-4EDE-B319-738616AE73CE}.Debug|x86.Build.0 = Debug|Any CPU
		{1309B1BC-3032-4EDE-B319-738616AE73CE}.Release|Any CPU.ActiveCfg = Release|Any CPU
		{1309B1BC-3032-4EDE-B319-738616AE73CE}.Release|Any CPU.Build.0 = Release|Any CPU
		{1309B1BC-3032-4EDE-B319-738616AE73CE}.Release|ARM.ActiveCfg = Release|Any CPU
		{1309B1BC-3032-4EDE-B319-738616AE73CE}.Release|ARM.Build.0 = Release|Any CPU
		{1309B1BC-3032-4EDE-B319-738616AE73CE}.Release|x64.ActiveCfg = Release|Any CPU
		{1309B1BC-3032-4EDE-B319-738616AE73CE}.Release|x64.Build.0 = Release|Any CPU
		{1309B1BC-3032-4EDE-B319-738616AE73CE}.Release|x86.ActiveCfg = Release|Any CPU
		{1309B1BC-3032-4EDE-B319-738616AE73CE}.Release|x86.Build.0 = Release|Any CPU
		{985BBA91-E380-4078-91AB-07A5C4C54673}.Debug|Any CPU.ActiveCfg = Debug|Any CPU
		{985BBA91-E380-4078-91AB-07A5C4C54673}.Debug|Any CPU.Build.0 = Debug|Any CPU
		{985BBA91-E380-4078-91AB-07A5C4C54673}.Debug|ARM.ActiveCfg = Debug|Any CPU
		{985BBA91-E380-4078-91AB-07A5C4C54673}.Debug|ARM.Build.0 = Debug|Any CPU
		{985BBA91-E380-4078-91AB-07A5C4C54673}.Debug|x64.ActiveCfg = Debug|Any CPU
		{985BBA91-E380-4078-91AB-07A5C4C54673}.Debug|x64.Build.0 = Debug|Any CPU
		{985BBA91-E380-4078-91AB-07A5C4C54673}.Debug|x86.ActiveCfg = Debug|Any CPU
		{985BBA91-E380-4078-91AB-07A5C4C54673}.Debug|x86.Build.0 = Debug|Any CPU
		{985BBA91-E380-4078-91AB-07A5C4C54673}.Release|Any CPU.ActiveCfg = Release|Any CPU
		{985BBA91-E380-4078-91AB-07A5C4C54673}.Release|Any CPU.Build.0 = Release|Any CPU
		{985BBA91-E380-4078-91AB-07A5C4C54673}.Release|ARM.ActiveCfg = Release|Any CPU
		{985BBA91-E380-4078-91AB-07A5C4C54673}.Release|ARM.Build.0 = Release|Any CPU
		{985BBA91-E380-4078-91AB-07A5C4C54673}.Release|x64.ActiveCfg = Release|Any CPU
		{985BBA91-E380-4078-91AB-07A5C4C54673}.Release|x64.Build.0 = Release|Any CPU
		{985BBA91-E380-4078-91AB-07A5C4C54673}.Release|x86.ActiveCfg = Release|Any CPU
		{985BBA91-E380-4078-91AB-07A5C4C54673}.Release|x86.Build.0 = Release|Any CPU
		{BFE3678F-E09B-4F02-8D62-E9550AE6374A}.Debug|Any CPU.ActiveCfg = Debug|Any CPU
		{BFE3678F-E09B-4F02-8D62-E9550AE6374A}.Debug|Any CPU.Build.0 = Debug|Any CPU
		{BFE3678F-E09B-4F02-8D62-E9550AE6374A}.Debug|ARM.ActiveCfg = Debug|Any CPU
		{BFE3678F-E09B-4F02-8D62-E9550AE6374A}.Debug|ARM.Build.0 = Debug|Any CPU
		{BFE3678F-E09B-4F02-8D62-E9550AE6374A}.Debug|x64.ActiveCfg = Debug|Any CPU
		{BFE3678F-E09B-4F02-8D62-E9550AE6374A}.Debug|x64.Build.0 = Debug|Any CPU
		{BFE3678F-E09B-4F02-8D62-E9550AE6374A}.Debug|x86.ActiveCfg = Debug|Any CPU
		{BFE3678F-E09B-4F02-8D62-E9550AE6374A}.Debug|x86.Build.0 = Debug|Any CPU
		{BFE3678F-E09B-4F02-8D62-E9550AE6374A}.Release|Any CPU.ActiveCfg = Release|Any CPU
		{BFE3678F-E09B-4F02-8D62-E9550AE6374A}.Release|Any CPU.Build.0 = Release|Any CPU
		{BFE3678F-E09B-4F02-8D62-E9550AE6374A}.Release|ARM.ActiveCfg = Release|Any CPU
		{BFE3678F-E09B-4F02-8D62-E9550AE6374A}.Release|ARM.Build.0 = Release|Any CPU
		{BFE3678F-E09B-4F02-8D62-E9550AE6374A}.Release|x64.ActiveCfg = Release|Any CPU
		{BFE3678F-E09B-4F02-8D62-E9550AE6374A}.Release|x64.Build.0 = Release|Any CPU
		{BFE3678F-E09B-4F02-8D62-E9550AE6374A}.Release|x86.ActiveCfg = Release|Any CPU
		{BFE3678F-E09B-4F02-8D62-E9550AE6374A}.Release|x86.Build.0 = Release|Any CPU
	EndGlobalSection
	GlobalSection(SolutionProperties) = preSolution
		HideSolutionNode = FALSE
	EndGlobalSection
	GlobalSection(NestedProjects) = preSolution
		{B779ECF5-1399-4044-8DBB-DFA77950F3C7} = {8CB08148-72AA-4855-9273-AAA9FC7BEAAA}
		{A1861B71-D51E-434C-9270-7D2A1BB1FB64} = {8CB08148-72AA-4855-9273-AAA9FC7BEAAA}
		{44E3B0BD-4707-488E-B772-8CAC8D4DECE6} = {624D2963-954B-4BBD-A86F-0A8F3488DC4C}
		{1309B1BC-3032-4EDE-B319-738616AE73CE} = {B779ECF5-1399-4044-8DBB-DFA77950F3C7}
		{985BBA91-E380-4078-91AB-07A5C4C54673} = {223164E3-9587-47FE-B23E-DC4F1FC21A32}
		{BFE3678F-E09B-4F02-8D62-E9550AE6374A} = {D8E83176-0CC9-448B-B94C-3F2BF25B6324}
	EndGlobalSection
	GlobalSection(ExtensibilityGlobals) = postSolution
		SolutionGuid = {B5072D3B-E758-4FC6-902A-9B9EB5B4F1A2}
	EndGlobalSection
EndGlobal
